
Microsoft Visual Studio Solution File, Format Version 12.00
Project("{FAE04EC0-301F-11D3-BF4B-00C04F79EFBC}") = "WhatsAppClone", "WhatsAppClone\WhatsAppClone.csproj", "{4ACAFF9A-5D73-48BB-894C-31B69C382EFF}"
EndProject
Global
	GlobalSection(SolutionConfigurationPlatforms) = preSolution
		Debug|Any CPU = Debug|Any CPU
		Release|Any CPU = Release|Any CPU
	EndGlobalSection
	GlobalSection(ProjectConfigurationPlatforms) = postSolution
		{4ACAFF9A-5D73-48BB-894C-31B69C382EFF}.Debug|Any CPU.ActiveCfg = Debug|Any CPU
		{4ACAFF9A-5D73-48BB-894C-31B69C382EFF}.Debug|Any CPU.Build.0 = Debug|Any CPU
		{4ACAFF9A-5D73-48BB-894C-31B69C382EFF}.Release|Any CPU.ActiveCfg = Release|Any CPU
		{4ACAFF9A-5D73-48BB-894C-31B69C382EFF}.Release|Any CPU.Build.0 = Release|Any CPU
	EndGlobalSection
EndGlobal
